
Microsoft Visual Studio Solution File, Format Version 12.00
# Visual Studio 15
VisualStudioVersion = 15.0.28307.421
MinimumVisualStudioVersion = 10.0.40219.1
Project("{FAE04EC0-301F-11D3-BF4B-00C04F79EFBC}") = "RSDamageSimulation", "RSDamageSimulation\RSDamageSimulation.csproj", "{43FBC843-C028-44D5-ABF0-839D2DD32379}"
EndProject
Global
	GlobalSection(SolutionConfigurationPlatforms) = preSolution
		Debug|Any CPU = Debug|Any CPU
		Release|Any CPU = Release|Any CPU
	EndGlobalSection
	GlobalSection(ProjectConfigurationPlatforms) = postSolution
		{43FBC843-C028-44D5-ABF0-839D2DD32379}.Debug|Any CPU.ActiveCfg = Debug|Any CPU
		{43FBC843-C028-44D5-ABF0-839D2DD32379}.Debug|Any CPU.Build.0 = Debug|Any CPU
		{43FBC843-C028-44D5-ABF0-839D2DD32379}.Release|Any CPU.ActiveCfg = Release|Any CPU
		{43FBC843-C028-44D5-ABF0-839D2DD32379}.Release|Any CPU.Build.0 = Release|Any CPU
	EndGlobalSection
	GlobalSection(SolutionProperties) = preSolution
		HideSolutionNode = FALSE
	EndGlobalSection
	GlobalSection(ExtensibilityGlobals) = postSolution
		SolutionGuid = {C72C5B01-9724-4710-9A0F-C5F8FD2B116A}
	EndGlobalSection
EndGlobal
